
Microsoft Visual Studio Solution File, Format Version 12.00
# Visual Studio Version 17
VisualStudioVersion = 17.0.31903.59
MinimumVisualStudioVersion = 10.0.40219.1
Project("{9A19103F-16F7-4668-BE54-9A1E7A4F7556}") = "MyLambda", "src\MyLambda\MyLambda.csproj", "{8F40D3BC-B19F-4212-A8B4-0843CB6F9100}"
EndProject
Project("{2150E333-8FDC-42A3-9474-1A3956D46DE8}") = "Solution Items", "Solution Items", "{08EB5E63-4176-42B6-898B-4434109F7F26}"
	ProjectSection(SolutionItems) = preProject
		template.yml = template.yml
	EndProjectSection
EndProject
Global
	GlobalSection(SolutionConfigurationPlatforms) = preSolution
		Debug|Any CPU = Debug|Any CPU
		Release|Any CPU = Release|Any CPU
	EndGlobalSection
	GlobalSection(ProjectConfigurationPlatforms) = postSolution
		{8F40D3BC-B19F-4212-A8B4-0843CB6F9100}.Debug|Any CPU.ActiveCfg = Debug|Any CPU
		{8F40D3BC-B19F-4212-A8B4-0843CB6F9100}.Debug|Any CPU.Build.0 = Debug|Any CPU
		{8F40D3BC-B19F-4212-A8B4-0843CB6F9100}.Release|Any CPU.ActiveCfg = Release|Any CPU
		{8F40D3BC-B19F-4212-A8B4-0843CB6F9100}.Release|Any CPU.Build.0 = Release|Any CPU
	EndGlobalSection
	GlobalSection(SolutionProperties) = preSolution
		HideSolutionNode = FALSE
	EndGlobalSection
	GlobalSection(ExtensibilityGlobals) = postSolution
		SolutionGuid = {264668FB-B0A8-41A3-9CB2-500AFE3B35F5}
	EndGlobalSection
EndGlobal
